
Microsoft Visual Studio Solution File, Format Version 12.00
# Visual Studio 14
VisualStudioVersion = 14.0.23107.0
MinimumVisualStudioVersion = 10.0.40219.1
Project("{8BC9CEB8-8B4A-11D0-8D11-00A0C91BC942}") = "tanuki-", "tanuki-\tanuki-.vcxproj", "{22A2B7E8-90CC-4ED4-AA10-C3DE5B4A74A9}"
EndProject
Project("{8BC9CEB8-8B4A-11D0-8D11-00A0C91BC942}") = "tanuki-lib", "tanuki-lib\tanuki-lib.vcxproj", "{ECAB6310-9796-46DE-ACBA-361DA4928A70}"
EndProject
Project("{8BC9CEB8-8B4A-11D0-8D11-00A0C91BC942}") = "tanuki-test", "tanuki-test\tanuki-test.vcxproj", "{C89FEDBD-E8B6-4071-B7D4-1FC1EB30DE05}"
	ProjectSection(ProjectDependencies) = postProject
		{6FAE6A7F-D5D4-4F0E-9995-30A4CDE3475B} = {6FAE6A7F-D5D4-4F0E-9995-30A4CDE3475B}
	EndProjectSection
EndProject
Project("{8BC9CEB8-8B4A-11D0-8D11-00A0C91BC942}") = "gtest", "..\..\googletest\googletest\gtest.vcxproj", "{6FAE6A7F-D5D4-4F0E-9995-30A4CDE3475B}"
EndProject
Global
	GlobalSection(SolutionConfigurationPlatforms) = preSolution
		Debug|x64 = Debug|x64
		Debug|x86 = Debug|x86
		Release|x64 = Release|x64
		Release|x86 = Release|x86
	EndGlobalSection
	GlobalSection(ProjectConfigurationPlatforms) = postSolution
		{22A2B7E8-90CC-4ED4-AA10-C3DE5B4A74A9}.Debug|x64.ActiveCfg = Debug|x64
		{22A2B7E8-90CC-4ED4-AA10-C3DE5B4A74A9}.Debug|x64.Build.0 = Debug|x64
		{22A2B7E8-90CC-4ED4-AA10-C3DE5B4A74A9}.Debug|x86.ActiveCfg = Debug|Win32
		{22A2B7E8-90CC-4ED4-AA10-C3DE5B4A74A9}.Debug|x86.Build.0 = Debug|Win32
		{22A2B7E8-90CC-4ED4-AA10-C3DE5B4A74A9}.Release|x64.ActiveCfg = Release|x64
		{22A2B7E8-90CC-4ED4-AA10-C3DE5B4A74A9}.Release|x64.Build.0 = Release|x64
		{22A2B7E8-90CC-4ED4-AA10-C3DE5B4A74A9}.Release|x86.ActiveCfg = Release|Win32
		{22A2B7E8-90CC-4ED4-AA10-C3DE5B4A74A9}.Release|x86.Build.0 = Release|Win32
		{ECAB6310-9796-46DE-ACBA-361DA4928A70}.Debug|x64.ActiveCfg = Debug|x64
		{ECAB6310-9796-46DE-ACBA-361DA4928A70}.Debug|x64.Build.0 = Debug|x64
		{ECAB6310-9796-46DE-ACBA-361DA4928A70}.Debug|x86.ActiveCfg = Debug|Win32
		{ECAB6310-9796-46DE-ACBA-361DA4928A70}.Debug|x86.Build.0 = Debug|Win32
		{ECAB6310-9796-46DE-ACBA-361DA4928A70}.Release|x64.ActiveCfg = Release|x64
		{ECAB6310-9796-46DE-ACBA-361DA4928A70}.Release|x64.Build.0 = Release|x64
		{ECAB6310-9796-46DE-ACBA-361DA4928A70}.Release|x86.ActiveCfg = Release|Win32
		{ECAB6310-9796-46DE-ACBA-361DA4928A70}.Release|x86.Build.0 = Release|Win32
		{C89FEDBD-E8B6-4071-B7D4-1FC1EB30DE05}.Debug|x64.ActiveCfg = Debug|x64
		{C89FEDBD-E8B6-4071-B7D4-1FC1EB30DE05}.Debug|x64.Build.0 = Debug|x64
		{C89FEDBD-E8B6-4071-B7D4-1FC1EB30DE05}.Debug|x86.ActiveCfg = Debug|Win32
		{C89FEDBD-E8B6-4071-B7D4-1FC1EB30DE05}.Debug|x86.Build.0 = Debug|Win32
		{C89FEDBD-E8B6-4071-B7D4-1FC1EB30DE05}.Release|x64.ActiveCfg = Release|x64
		{C89FEDBD-E8B6-4071-B7D4-1FC1EB30DE05}.Release|x64.Build.0 = Release|x64
		{C89FEDBD-E8B6-4071-B7D4-1FC1EB30DE05}.Release|x86.ActiveCfg = Release|Win32
		{C89FEDBD-E8B6-4071-B7D4-1FC1EB30DE05}.Release|x86.Build.0 = Release|Win32
		{6FAE6A7F-D5D4-4F0E-9995-30A4CDE3475B}.Debug|x64.ActiveCfg = Debug|x64
		{6FAE6A7F-D5D4-4F0E-9995-30A4CDE3475B}.Debug|x64.Build.0 = Debug|x64
		{6FAE6A7F-D5D4-4F0E-9995-30A4CDE3475B}.Debug|x86.ActiveCfg = Debug|x64
		{6FAE6A7F-D5D4-4F0E-9995-30A4CDE3475B}.Release|x64.ActiveCfg = Release|x64
		{6FAE6A7F-D5D4-4F0E-9995-30A4CDE3475B}.Release|x64.Build.0 = Release|x64
		{6FAE6A7F-D5D4-4F0E-9995-30A4CDE3475B}.Release|x86.ActiveCfg = Release|x64
	EndGlobalSection
	GlobalSection(SolutionProperties) = preSolution
		HideSolutionNode = FALSE
	EndGlobalSection
EndGlobal
